{
  "version": "5",
  "specifiers": {
    "jsr:@db/mongo@0.34": "0.34.0",
    "jsr:@lucsoft/web-bson@0.4": "0.4.0",
    "jsr:@mirror/xlsx@~0.20.3": "0.20.3",
    "jsr:@oak/commons@1": "1.0.1",
    "jsr:@oak/oak@^17.2.0": "17.2.0",
    "jsr:@std/assert@1": "1.0.18",
    "jsr:@std/bytes@1": "1.0.6",
    "jsr:@std/crypto@1": "1.0.5",
    "jsr:@std/crypto@^1.0.3": "1.0.5",
    "jsr:@std/crypto@^1.0.5": "1.0.5",
    "jsr:@std/encoding@1": "1.0.10",
    "jsr:@std/encoding@^1.0.10": "1.0.10",
    "jsr:@std/encoding@^1.0.5": "1.0.10",
    "jsr:@std/fs@^1.0.22": "1.0.22",
    "jsr:@std/http@1": "1.0.24",
    "jsr:@std/internal@^1.0.12": "1.0.12",
    "jsr:@std/media-types@1": "1.1.0",
    "jsr:@std/path@1": "1.1.4",
    "jsr:@std/path@^1.1.4": "1.1.4",
    "jsr:@zip-js/zip-js@^2.8.20": "2.8.20",
    "npm:nodemailer@^8.0.1": "8.0.1",
    "npm:path-to-regexp@^6.3.0": "6.3.0"
  },
  "jsr": {
    "@db/mongo@0.34.0": {
      "integrity": "48960c99392e9899579b1e23ca87c7a3b42fb5788bcc6fa72b2f2a0090f52a6e",
      "dependencies": [
        "jsr:@lucsoft/web-bson",
        "jsr:@std/crypto@^1.0.3",
        "jsr:@std/encoding@^1.0.5"
      ]
    },
    "@lucsoft/web-bson@0.4.0": {
      "integrity": "8ede9f3c223dd6095869fae84e99dcf0f12da52f37426e22d57181ecc5524308"
    },
    "@mirror/xlsx@0.20.3": {
      "integrity": "40cab5da1e169471e439f04e5980d67a435e8211846923737e268d16ee9fd0da"
    },
    "@oak/commons@1.0.1": {
      "integrity": "889ff210f0b4292591721be07244ecb1b5c118742f5273c70cf30d7cd4184d0c",
      "dependencies": [
        "jsr:@std/assert",
        "jsr:@std/bytes",
        "jsr:@std/crypto@1",
        "jsr:@std/encoding@1",
        "jsr:@std/http",
        "jsr:@std/media-types"
      ]
    },
    "@oak/oak@17.2.0": {
      "integrity": "938537a92fc7922a46a9984696c65fb189c9baad164416ac3e336768a9ff0cd1",
      "dependencies": [
        "jsr:@oak/commons",
        "jsr:@std/assert",
        "jsr:@std/bytes",
        "jsr:@std/http",
        "jsr:@std/media-types",
        "jsr:@std/path@1",
        "npm:path-to-regexp"
      ]
    },
    "@std/assert@1.0.18": {
      "integrity": "270245e9c2c13b446286de475131dc688ca9abcd94fc5db41d43a219b34d1c78"
    },
    "@std/bytes@1.0.6": {
      "integrity": "f6ac6adbd8ccd99314045f5703e23af0a68d7f7e58364b47d2c7f408aeb5820a"
    },
    "@std/crypto@1.0.5": {
      "integrity": "0dcfbb319fe0bba1bd3af904ceb4f948cde1b92979ec1614528380ed308a3b40"
    },
    "@std/encoding@1.0.10": {
      "integrity": "8783c6384a2d13abd5e9e87a7ae0520a30e9f56aeeaa3bdf910a3eaaf5c811a1"
    },
    "@std/fs@1.0.22": {
      "integrity": "de0f277a58a867147a8a01bc1b181d0dfa80bfddba8c9cf2bacd6747bcec9308",
      "dependencies": [
        "jsr:@std/internal",
        "jsr:@std/path@^1.1.4"
      ]
    },
    "@std/http@1.0.24": {
      "integrity": "4dd59afd7cfd6e2e96e175b67a5a829b449ae55f08575721ec691e5d85d886d4",
      "dependencies": [
        "jsr:@std/encoding@^1.0.10"
      ]
    },
    "@std/internal@1.0.12": {
      "integrity": "972a634fd5bc34b242024402972cd5143eac68d8dffaca5eaa4dba30ce17b027"
    },
    "@std/media-types@1.1.0": {
      "integrity": "c9d093f0c05c3512932b330e3cc1fe1d627b301db33a4c2c2185c02471d6eaa4"
    },
    "@std/path@1.1.4": {
      "integrity": "1d2d43f39efb1b42f0b1882a25486647cb851481862dc7313390b2bb044314b5",
      "dependencies": [
        "jsr:@std/internal"
      ]
    },
    "@zip-js/zip-js@2.8.20": {
      "integrity": "64bbc8b46777e1369dd258852c2244083a413a1e7cba3a7bf27a99cc88d3b860"
    }
  },
  "npm": {
    "nodemailer@8.0.1": {
      "integrity": "sha512-5kcldIXmaEjZcHR6F28IKGSgpmZHaF1IXLWFTG+Xh3S+Cce4MiakLtWY+PlBU69fLbRa8HlaGIrC/QolUpHkhg=="
    },
    "path-to-regexp@6.3.0": {
      "integrity": "sha512-Yhpw4T9C6hPpgPeA28us07OJeqZ5EzQTkbfwuhsUg0c237RomFoETJgmp2sa3F/41gfLE6G5cqcYwznmeEeOlQ=="
    }
  },
  "workspace": {
    "dependencies": [
      "jsr:@db/mongo@0.34",
      "jsr:@mirror/xlsx@~0.20.3",
      "jsr:@oak/oak@^17.2.0",
      "jsr:@std/crypto@^1.0.5",
      "jsr:@std/encoding@^1.0.10",
      "jsr:@std/fs@^1.0.22",
      "jsr:@zip-js/zip-js@^2.8.20",
      "npm:nodemailer@^8.0.1"
    ]
  }
}
